{
    __meta__ = {
        version = "1.0"
    },
    ["windows|x64"] = {
        ["cmake#31fecfc4"] = {
            repo = {
                branch = "master",
                commit = "1ce88bcf86c36aebb54e53a26239195c89c1e7f4",
                url = "https://github.com/xmake-io/xmake-repo.git"
            },
            version = "3.28.3"
        },
        ["commonlibsse-ng#dc79ba23"] = {
            repo = {
                branch = "master",
                commit = "716e14d990780742fff408e84f2a738d78a802e9",
                url = "https://github.com/xmake-io/xmake-repo.git"
            },
            version = "v3.7.0"
        },
        ["fmt 10.2.1#31fecfc4"] = {
            repo = {
                branch = "master",
                commit = "1ce88bcf86c36aebb54e53a26239195c89c1e7f4",
                url = "https://github.com/xmake-io/xmake-repo.git"
            },
            version = "10.2.1"
        },
        ["jsoncpp#31fecfc4"] = {
            repo = {
                branch = "master",
                commit = "99e29b91b115cf359cd105b456ff40547a336b3f",
                url = "https://github.com/xmake-io/xmake-repo.git"
            },
            version = "1.9.5"
        },
        ["rapidcsv#31fecfc4"] = {
            repo = {
                branch = "master",
                commit = "1ce88bcf86c36aebb54e53a26239195c89c1e7f4",
                url = "https://github.com/xmake-io/xmake-repo.git"
            },
            version = "8.80"
        },
        ["spdlog 1.13.0#31fecfc4"] = {
            repo = {
                branch = "master",
                commit = "52e84d5aa56cf9e3ce66f167fe82df586461c0a9",
                url = "https://github.com/xmake-io/xmake-repo.git"
            },
            version = "v1.13.0"
        },
        ["spdlog#b06e1130"] = {
            repo = {
                branch = "master",
                commit = "1ce88bcf86c36aebb54e53a26239195c89c1e7f4",
                url = "https://github.com/xmake-io/xmake-repo.git"
            },
            version = "v1.13.0"
        }
    }
}