{
    __meta__ = {
        version = "1.0"
    },
    ["windows|x64"] = {
        ["cmake#31fecfc4"] = {
            repo = {
                branch = "master",
                commit = "53907a0b3a5a2c3ebebccdf680db826b59c64c77",
                url = "https://github.com/xmake-io/xmake-repo.git"
            },
            version = "3.27.4"
        },
        ["commonlibsse-ng#dc79ba23"] = {
            repo = {
                branch = "master",
                commit = "2a40e4b0e57fa3231195238ed984000a8100aa70",
                url = "https://github.com/xmake-io/xmake-repo.git"
            },
            version = "v3.7.0"
        },
        ["fmt#31fecfc4"] = {
            repo = {
                branch = "master",
                commit = "2a40e4b0e57fa3231195238ed984000a8100aa70",
                url = "https://github.com/xmake-io/xmake-repo.git"
            },
            version = "10.0.0"
        },
        ["rapidcsv#31fecfc4"] = {
            repo = {
                branch = "master",
                commit = "2a40e4b0e57fa3231195238ed984000a8100aa70",
                url = "https://github.com/xmake-io/xmake-repo.git"
            },
            version = "8.50"
        },
        ["simpleini#31fecfc4"] = {
            repo = {
                branch = "master",
                commit = "53907a0b3a5a2c3ebebccdf680db826b59c64c77",
                url = "https://github.com/xmake-io/xmake-repo.git"
            },
            version = "v4.19"
        },
        ["spdlog#b06e1130"] = {
            repo = {
                branch = "master",
                commit = "2a40e4b0e57fa3231195238ed984000a8100aa70",
                url = "https://github.com/xmake-io/xmake-repo.git"
            },
            version = "v1.11.0"
        }
    }
}